
Microsoft Visual Studio Solution File, Format Version 12.00
# Visual Studio 14
VisualStudioVersion = 14.0.25420.1
MinimumVisualStudioVersion = 10.0.40219.1
Project("{FAE04EC0-301F-11D3-BF4B-00C04F79EFBC}") = "Nanomsg2.Sharp", "Nanomsg2.Sharp\Nanomsg2.Sharp.csproj", "{9C4DB6F4-EC8A-4986-AD6B-DCC8C62C2F84}"
EndProject
Project("{FAE04EC0-301F-11D3-BF4B-00C04F79EFBC}") = "Nanomsg2.Sharp.Tests", "Nanomsg2.Sharp.Tests\Nanomsg2.Sharp.Tests.csproj", "{51A540ED-D4D1-4C39-A1D9-4358314E18FA}"
EndProject
Global
	GlobalSection(SolutionConfigurationPlatforms) = preSolution
		Debug|Any CPU = Debug|Any CPU
		Release|Any CPU = Release|Any CPU
	EndGlobalSection
	GlobalSection(ProjectConfigurationPlatforms) = postSolution
		{9C4DB6F4-EC8A-4986-AD6B-DCC8C62C2F84}.Debug|Any CPU.ActiveCfg = Debug|Any CPU
		{9C4DB6F4-EC8A-4986-AD6B-DCC8C62C2F84}.Debug|Any CPU.Build.0 = Debug|Any CPU
		{9C4DB6F4-EC8A-4986-AD6B-DCC8C62C2F84}.Release|Any CPU.ActiveCfg = Release|Any CPU
		{9C4DB6F4-EC8A-4986-AD6B-DCC8C62C2F84}.Release|Any CPU.Build.0 = Release|Any CPU
		{51A540ED-D4D1-4C39-A1D9-4358314E18FA}.Debug|Any CPU.ActiveCfg = Debug|Any CPU
		{51A540ED-D4D1-4C39-A1D9-4358314E18FA}.Debug|Any CPU.Build.0 = Debug|Any CPU
		{51A540ED-D4D1-4C39-A1D9-4358314E18FA}.Release|Any CPU.ActiveCfg = Release|Any CPU
		{51A540ED-D4D1-4C39-A1D9-4358314E18FA}.Release|Any CPU.Build.0 = Release|Any CPU
	EndGlobalSection
	GlobalSection(SolutionProperties) = preSolution
		HideSolutionNode = FALSE
	EndGlobalSection
EndGlobal
